// !$*UTF8*$!
{
	archiveVersion = 1;
	classes = {
	};
	objectVersion = 48;
	objects = {

/* Begin PBXBuildFile section */
		317BBB961F838D2400A4CD89 /* AppDelegate.swift in Sources */ = {isa = PBXBuildFile; fileRef = 317BBB951F838D2400A4CD89 /* AppDelegate.swift */; };
		317BBB981F838D2400A4CD89 /* ViewController.swift in Sources */ = {isa = PBXBuildFile; fileRef = 317BBB971F838D2400A4CD89 /* ViewController.swift */; };
		317BBB9A1F838D2400A4CD89 /* Assets.xcassets in Resources */ = {isa = PBXBuildFile; fileRef = 317BBB991F838D2400A4CD89 /* Assets.xcassets */; };
		317BBB9D1F838D2400A4CD89 /* Main.storyboard in Resources */ = {isa = PBXBuildFile; fileRef = 317BBB9B1F838D2400A4CD89 /* Main.storyboard */; };
		317BBBA71F83E0B800A4CD89 /* ForecastItem.swift in Sources */ = {isa = PBXBuildFile; fileRef = 317BBBA51F83E0B800A4CD89 /* ForecastItem.swift */; };
		317BBBA81F83E0B800A4CD89 /* ForecastItem.xib in Resources */ = {isa = PBXBuildFile; fileRef = 317BBBA61F83E0B800A4CD89 /* ForecastItem.xib */; };
		317BBBAF1F83F05600A4CD89 /* Constants.swift in Sources */ = {isa = PBXBuildFile; fileRef = 317BBBAE1F83F05600A4CD89 /* Constants.swift */; };
		87DDF5C5390866F90B1A174A /* Pods_Vremeto.framework in Frameworks */ = {isa = PBXBuildFile; fileRef = AB0D3E77AF2088D0F8358BFD /* Pods_Vremeto.framework */; };
/* End PBXBuildFile section */

/* Begin PBXFileReference section */
		317BBB921F838D2400A4CD89 /* Vremeto.app */ = {isa = PBXFileReference; explicitFileType = wrapper.application; includeInIndex = 0; path = Vremeto.app; sourceTree = BUILT_PRODUCTS_DIR; };
		317BBB951F838D2400A4CD89 /* AppDelegate.swift */ = {isa = PBXFileReference; lastKnownFileType = sourcecode.swift; path = AppDelegate.swift; sourceTree = "<group>"; };
		317BBB971F838D2400A4CD89 /* ViewController.swift */ = {isa = PBXFileReference; lastKnownFileType = sourcecode.swift; path = ViewController.swift; sourceTree = "<group>"; };
		317BBB991F838D2400A4CD89 /* Assets.xcassets */ = {isa = PBXFileReference; lastKnownFileType = folder.assetcatalog; path = Assets.xcassets; sourceTree = "<group>"; };
		317BBB9C1F838D2400A4CD89 /* Base */ = {isa = PBXFileReference; lastKnownFileType = file.storyboard; name = Base; path = Base.lproj/Main.storyboard; sourceTree = "<group>"; };
		317BBB9E1F838D2400A4CD89 /* Info.plist */ = {isa = PBXFileReference; lastKnownFileType = text.plist.xml; path = Info.plist; sourceTree = "<group>"; };
		317BBB9F1F838D2400A4CD89 /* Vremeto.entitlements */ = {isa = PBXFileReference; lastKnownFileType = text.plist.entitlements; path = Vremeto.entitlements; sourceTree = "<group>"; };
		317BBBA51F83E0B800A4CD89 /* ForecastItem.swift */ = {isa = PBXFileReference; lastKnownFileType = sourcecode.swift; path = ForecastItem.swift; sourceTree = "<group>"; };
		317BBBA61F83E0B800A4CD89 /* ForecastItem.xib */ = {isa = PBXFileReference; lastKnownFileType = file.xib; path = ForecastItem.xib; sourceTree = "<group>"; };
		317BBBAE1F83F05600A4CD89 /* Constants.swift */ = {isa = PBXFileReference; lastKnownFileType = sourcecode.swift; path = Constants.swift; sourceTree = "<group>"; };
		593ACA7226C992D43DA030D5 /* Pods-Vremeto.debug.xcconfig */ = {isa = PBXFileReference; includeInIndex = 1; lastKnownFileType = text.xcconfig; name = "Pods-Vremeto.debug.xcconfig"; path = "Pods/Target Support Files/Pods-Vremeto/Pods-Vremeto.debug.xcconfig"; sourceTree = "<group>"; };
		AB0D3E77AF2088D0F8358BFD /* Pods_Vremeto.framework */ = {isa = PBXFileReference; explicitFileType = wrapper.framework; includeInIndex = 0; path = Pods_Vremeto.framework; sourceTree = BUILT_PRODUCTS_DIR; };
		F4F327B05696993773A7E25D /* Pods-Vremeto.release.xcconfig */ = {isa = PBXFileReference; includeInIndex = 1; lastKnownFileType = text.xcconfig; name = "Pods-Vremeto.release.xcconfig"; path = "Pods/Target Support Files/Pods-Vremeto/Pods-Vremeto.release.xcconfig"; sourceTree = "<group>"; };
/* End PBXFileReference section */

/* Begin PBXFrameworksBuildPhase section */
		317BBB8F1F838D2400A4CD89 /* Frameworks */ = {
			isa = PBXFrameworksBuildPhase;
			buildActionMask = 2147483647;
			files = (
				87DDF5C5390866F90B1A174A /* Pods_Vremeto.framework in Frameworks */,
			);
			runOnlyForDeploymentPostprocessing = 0;
		};
/* End PBXFrameworksBuildPhase section */

/* Begin PBXGroup section */
		13ACDB957877BD1D371212DC /* Pods */ = {
			isa = PBXGroup;
			children = (
				593ACA7226C992D43DA030D5 /* Pods-Vremeto.debug.xcconfig */,
				F4F327B05696993773A7E25D /* Pods-Vremeto.release.xcconfig */,
			);
			name = Pods;
			sourceTree = "<group>";
		};
		317BBB891F838D2400A4CD89 = {
			isa = PBXGroup;
			children = (
				317BBB941F838D2400A4CD89 /* Vremeto */,
				317BBB931F838D2400A4CD89 /* Products */,
				13ACDB957877BD1D371212DC /* Pods */,
				7082DBF6B68EFADFA99917B2 /* Frameworks */,
			);
			sourceTree = "<group>";
		};
		317BBB931F838D2400A4CD89 /* Products */ = {
			isa = PBXGroup;
			children = (
				317BBB921F838D2400A4CD89 /* Vremeto.app */,
			);
			name = Products;
			sourceTree = "<group>";
		};
		317BBB941F838D2400A4CD89 /* Vremeto */ = {
			isa = PBXGroup;
			children = (
				317BBBAD1F83F03E00A4CD89 /* Utilities */,
				317BBBAA1F83EEDE00A4CD89 /* Model */,
				317BBBA91F83EEC200A4CD89 /* Controllers */,
				317BBB951F838D2400A4CD89 /* AppDelegate.swift */,
				317BBB991F838D2400A4CD89 /* Assets.xcassets */,
				317BBB9B1F838D2400A4CD89 /* Main.storyboard */,
				317BBB9E1F838D2400A4CD89 /* Info.plist */,
				317BBB9F1F838D2400A4CD89 /* Vremeto.entitlements */,
				317BBBA61F83E0B800A4CD89 /* ForecastItem.xib */,
			);
			path = Vremeto;
			sourceTree = "<group>";
		};
		317BBBA91F83EEC200A4CD89 /* Controllers */ = {
			isa = PBXGroup;
			children = (
				317BBB971F838D2400A4CD89 /* ViewController.swift */,
				317BBBA51F83E0B800A4CD89 /* ForecastItem.swift */,
			);
			path = Controllers;
			sourceTree = "<group>";
		};
		317BBBAA1F83EEDE00A4CD89 /* Model */ = {
			isa = PBXGroup;
			children = (
			);
			path = Model;
			sourceTree = "<group>";
		};
		317BBBAD1F83F03E00A4CD89 /* Utilities */ = {
			isa = PBXGroup;
			children = (
				317BBBAE1F83F05600A4CD89 /* Constants.swift */,
			);
			path = Utilities;
			sourceTree = "<group>";
		};
		7082DBF6B68EFADFA99917B2 /* Frameworks */ = {
			isa = PBXGroup;
			children = (
				AB0D3E77AF2088D0F8358BFD /* Pods_Vremeto.framework */,
			);
			name = Frameworks;
			sourceTree = "<group>";
		};
/* End PBXGroup section */

/* Begin PBXNativeTarget section */
		317BBB911F838D2400A4CD89 /* Vremeto */ = {
			isa = PBXNativeTarget;
			buildConfigurationList = 317BBBA21F838D2400A4CD89 /* Build configuration list for PBXNativeTarget "Vremeto" */;
			buildPhases = (
				0117FF874232AE43441540AD /* [CP] Check Pods Manifest.lock */,
				317BBB8E1F838D2400A4CD89 /* Sources */,
				317BBB8F1F838D2400A4CD89 /* Frameworks */,
				317BBB901F838D2400A4CD89 /* Resources */,
				4C16CEF4CDA0C2354383CA65 /* [CP] Embed Pods Frameworks */,
				EA8CADC4F459FB633E881C14 /* [CP] Copy Pods Resources */,
			);
			buildRules = (
			);
			dependencies = (
			);
			name = Vremeto;
			productName = Vremeto;
			productReference = 317BBB921F838D2400A4CD89 /* Vremeto.app */;
			productType = "com.apple.product-type.application";
		};
/* End PBXNativeTarget section */

/* Begin PBXProject section */
		317BBB8A1F838D2400A4CD89 /* Project object */ = {
			isa = PBXProject;
			attributes = {
				LastSwiftUpdateCheck = 0900;
				LastUpgradeCheck = 0900;
				ORGANIZATIONNAME = "Vasil Nechev";
				TargetAttributes = {
					317BBB911F838D2400A4CD89 = {
						CreatedOnToolsVersion = 9.0;
						ProvisioningStyle = Automatic;
					};
				};
			};
			buildConfigurationList = 317BBB8D1F838D2400A4CD89 /* Build configuration list for PBXProject "Vremeto" */;
			compatibilityVersion = "Xcode 8.0";
			developmentRegion = en;
			hasScannedForEncodings = 0;
			knownRegions = (
				en,
				Base,
			);
			mainGroup = 317BBB891F838D2400A4CD89;
			productRefGroup = 317BBB931F838D2400A4CD89 /* Products */;
			projectDirPath = "";
			projectRoot = "";
			targets = (
				317BBB911F838D2400A4CD89 /* Vremeto */,
			);
		};
/* End PBXProject section */

/* Begin PBXResourcesBuildPhase section */
		317BBB901F838D2400A4CD89 /* Resources */ = {
			isa = PBXResourcesBuildPhase;
			buildActionMask = 2147483647;
			files = (
				317BBBA81F83E0B800A4CD89 /* ForecastItem.xib in Resources */,
				317BBB9A1F838D2400A4CD89 /* Assets.xcassets in Resources */,
				317BBB9D1F838D2400A4CD89 /* Main.storyboard in Resources */,
			);
			runOnlyForDeploymentPostprocessing = 0;
		};
/* End PBXResourcesBuildPhase section */

/* Begin PBXShellScriptBuildPhase section */
		0117FF874232AE43441540AD /* [CP] Check Pods Manifest.lock */ = {
			isa = PBXShellScriptBuildPhase;
			buildActionMask = 2147483647;
			files = (
			);
			inputPaths = (
			);
			name = "[CP] Check Pods Manifest.lock";
			outputPaths = (
			);
			runOnlyForDeploymentPostprocessing = 0;
			shellPath = /bin/sh;
			shellScript = "diff \"${PODS_ROOT}/../Podfile.lock\" \"${PODS_ROOT}/Manifest.lock\" > /dev/null\nif [ $? != 0 ] ; then\n    # print error to STDERR\n    echo \"error: The sandbox is not in sync with the Podfile.lock. Run 'pod install' or update your CocoaPods installation.\" >&2\n    exit 1\nfi\n";
			showEnvVarsInLog = 0;
		};
		4C16CEF4CDA0C2354383CA65 /* [CP] Embed Pods Frameworks */ = {
			isa = PBXShellScriptBuildPhase;
			buildActionMask = 2147483647;
			files = (
			);
			inputPaths = (
			);
			name = "[CP] Embed Pods Frameworks";
			outputPaths = (
			);
			runOnlyForDeploymentPostprocessing = 0;
			shellPath = /bin/sh;
			shellScript = "\"${SRCROOT}/Pods/Target Support Files/Pods-Vremeto/Pods-Vremeto-frameworks.sh\"\n";
			showEnvVarsInLog = 0;
		};
		EA8CADC4F459FB633E881C14 /* [CP] Copy Pods Resources */ = {
			isa = PBXShellScriptBuildPhase;
			buildActionMask = 2147483647;
			files = (
			);
			inputPaths = (
			);
			name = "[CP] Copy Pods Resources";
			outputPaths = (
			);
			runOnlyForDeploymentPostprocessing = 0;
			shellPath = /bin/sh;
			shellScript = "\"${SRCROOT}/Pods/Target Support Files/Pods-Vremeto/Pods-Vremeto-resources.sh\"\n";
			showEnvVarsInLog = 0;
		};
/* End PBXShellScriptBuildPhase section */

/* Begin PBXSourcesBuildPhase section */
		317BBB8E1F838D2400A4CD89 /* Sources */ = {
			isa = PBXSourcesBuildPhase;
			buildActionMask = 2147483647;
			files = (
				317BBBAF1F83F05600A4CD89 /* Constants.swift in Sources */,
				317BBB981F838D2400A4CD89 /* ViewController.swift in Sources */,
				317BBBA71F83E0B800A4CD89 /* ForecastItem.swift in Sources */,
				317BBB961F838D2400A4CD89 /* AppDelegate.swift in Sources */,
			);
			runOnlyForDeploymentPostprocessing = 0;
		};
/* End PBXSourcesBuildPhase section */

/* Begin PBXVariantGroup section */
		317BBB9B1F838D2400A4CD89 /* Main.storyboard */ = {
			isa = PBXVariantGroup;
			children = (
				317BBB9C1F838D2400A4CD89 /* Base */,
			);
			name = Main.storyboard;
			sourceTree = "<group>";
		};
/* End PBXVariantGroup section */

/* Begin XCBuildConfiguration section */
		317BBBA01F838D2400A4CD89 /* Debug */ = {
			isa = XCBuildConfiguration;
			buildSettings = {
				ALWAYS_SEARCH_USER_PATHS = NO;
				CLANG_ANALYZER_NONNULL = YES;
				CLANG_ANALYZER_NUMBER_OBJECT_CONVERSION = YES_AGGRESSIVE;
				CLANG_CXX_LANGUAGE_STANDARD = "gnu++14";
				CLANG_CXX_LIBRARY = "libc++";
				CLANG_ENABLE_MODULES = YES;
				CLANG_ENABLE_OBJC_ARC = YES;
				CLANG_WARN_BLOCK_CAPTURE_AUTORELEASING = YES;
				CLANG_WARN_BOOL_CONVERSION = YES;
				CLANG_WARN_COMMA = YES;
				CLANG_WARN_CONSTANT_CONVERSION = YES;
				CLANG_WARN_DIRECT_OBJC_ISA_USAGE = YES_ERROR;
				CLANG_WARN_DOCUMENTATION_COMMENTS = YES;
				CLANG_WARN_EMPTY_BODY = YES;
				CLANG_WARN_ENUM_CONVERSION = YES;
				CLANG_WARN_INFINITE_RECURSION = YES;
				CLANG_WARN_INT_CONVERSION = YES;
				CLANG_WARN_NON_LITERAL_NULL_CONVERSION = YES;
				CLANG_WARN_OBJC_LITERAL_CONVERSION = YES;
				CLANG_WARN_OBJC_ROOT_CLASS = YES_ERROR;
				CLANG_WARN_RANGE_LOOP_ANALYSIS = YES;
				CLANG_WARN_STRICT_PROTOTYPES = YES;
				CLANG_WARN_SUSPICIOUS_MOVE = YES;
				CLANG_WARN_UNGUARDED_AVAILABILITY = YES_AGGRESSIVE;
				CLANG_WARN_UNREACHABLE_CODE = YES;
				CLANG_WARN__DUPLICATE_METHOD_MATCH = YES;
				CODE_SIGN_IDENTITY = "Mac Developer";
				COPY_PHASE_STRIP = NO;
				DEBUG_INFORMATION_FORMAT = dwarf;
				ENABLE_STRICT_OBJC_MSGSEND = YES;
				ENABLE_TESTABILITY = YES;
				GCC_C_LANGUAGE_STANDARD = gnu11;
				GCC_DYNAMIC_NO_PIC = NO;
				GCC_NO_COMMON_BLOCKS = YES;
				GCC_OPTIMIZATION_LEVEL = 0;
				GCC_PREPROCESSOR_DEFINITIONS = (
					"DEBUG=1",
					"$(inherited)",
				);
				GCC_WARN_64_TO_32_BIT_CONVERSION = YES;
				GCC_WARN_ABOUT_RETURN_TYPE = YES_ERROR;
				GCC_WARN_UNDECLARED_SELECTOR = YES;
				GCC_WARN_UNINITIALIZED_AUTOS = YES_AGGRESSIVE;
				GCC_WARN_UNUSED_FUNCTION = YES;
				GCC_WARN_UNUSED_VARIABLE = YES;
				MACOSX_DEPLOYMENT_TARGET = 10.13;
				MTL_ENABLE_DEBUG_INFO = YES;
				ONLY_ACTIVE_ARCH = YES;
				SDKROOT = macosx;
				SWIFT_ACTIVE_COMPILATION_CONDITIONS = DEBUG;
				SWIFT_OPTIMIZATION_LEVEL = "-Onone";
			};
			name = Debug;
		};
		317BBBA11F838D2400A4CD89 /* Release */ = {
			isa = XCBuildConfiguration;
			buildSettings = {
				ALWAYS_SEARCH_USER_PATHS = NO;
				CLANG_ANALYZER_NONNULL = YES;
				CLANG_ANALYZER_NUMBER_OBJECT_CONVERSION = YES_AGGRESSIVE;
				CLANG_CXX_LANGUAGE_STANDARD = "gnu++14";
				CLANG_CXX_LIBRARY = "libc++";
				CLANG_ENABLE_MODULES = YES;
				CLANG_ENABLE_OBJC_ARC = YES;
				CLANG_WARN_BLOCK_CAPTURE_AUTORELEASING = YES;
				CLANG_WARN_BOOL_CONVERSION = YES;
				CLANG_WARN_COMMA = YES;
				CLANG_WARN_CONSTANT_CONVERSION = YES;
				CLANG_WARN_DIRECT_OBJC_ISA_USAGE = YES_ERROR;
				CLANG_WARN_DOCUMENTATION_COMMENTS = YES;
				CLANG_WARN_EMPTY_BODY = YES;
				CLANG_WARN_ENUM_CONVERSION = YES;
				CLANG_WARN_INFINITE_RECURSION = YES;
				CLANG_WARN_INT_CONVERSION = YES;
				CLANG_WARN_NON_LITERAL_NULL_CONVERSION = YES;
				CLANG_WARN_OBJC_LITERAL_CONVERSION = YES;
				CLANG_WARN_OBJC_ROOT_CLASS = YES_ERROR;
				CLANG_WARN_RANGE_LOOP_ANALYSIS = YES;
				CLANG_WARN_STRICT_PROTOTYPES = YES;
				CLANG_WARN_SUSPICIOUS_MOVE = YES;
				CLANG_WARN_UNGUARDED_AVAILABILITY = YES_AGGRESSIVE;
				CLANG_WARN_UNREACHABLE_CODE = YES;
				CLANG_WARN__DUPLICATE_METHOD_MATCH = YES;
				CODE_SIGN_IDENTITY = "Mac Developer";
				COPY_PHASE_STRIP = NO;
				DEBUG_INFORMATION_FORMAT = "dwarf-with-dsym";
				ENABLE_NS_ASSERTIONS = NO;
				ENABLE_STRICT_OBJC_MSGSEND = YES;
				GCC_C_LANGUAGE_STANDARD = gnu11;
				GCC_NO_COMMON_BLOCKS = YES;
				GCC_WARN_64_TO_32_BIT_CONVERSION = YES;
				GCC_WARN_ABOUT_RETURN_TYPE = YES_ERROR;
				GCC_WARN_UNDECLARED_SELECTOR = YES;
				GCC_WARN_UNINITIALIZED_AUTOS = YES_AGGRESSIVE;
				GCC_WARN_UNUSED_FUNCTION = YES;
				GCC_WARN_UNUSED_VARIABLE = YES;
				MACOSX_DEPLOYMENT_TARGET = 10.13;
				MTL_ENABLE_DEBUG_INFO = NO;
				SDKROOT = macosx;
				SWIFT_OPTIMIZATION_LEVEL = "-Owholemodule";
			};
			name = Release;
		};
		317BBBA31F838D2400A4CD89 /* Debug */ = {
			isa = XCBuildConfiguration;
			baseConfigurationReference = 593ACA7226C992D43DA030D5 /* Pods-Vremeto.debug.xcconfig */;
			buildSettings = {
				ASSETCATALOG_COMPILER_APPICON_NAME = AppIcon;
				CODE_SIGN_ENTITLEMENTS = Vremeto/Vremeto.entitlements;
				CODE_SIGN_IDENTITY = "Mac Developer";
				CODE_SIGN_STYLE = Automatic;
				COMBINE_HIDPI_IMAGES = YES;
				DEVELOPMENT_TEAM = 2CA3L22BJ9;
				INFOPLIST_FILE = Vremeto/Info.plist;
				LD_RUNPATH_SEARCH_PATHS = "$(inherited) @executable_path/../Frameworks";
				PRODUCT_BUNDLE_IDENTIFIER = "com.gmail-vnechev.Vremeto";
				PRODUCT_NAME = "$(TARGET_NAME)";
				PROVISIONING_PROFILE_SPECIFIER = "";
				SWIFT_VERSION = 4.0;
			};
			name = Debug;
		};
		317BBBA41F838D2400A4CD89 /* Release */ = {
			isa = XCBuildConfiguration;
			baseConfigurationReference = F4F327B05696993773A7E25D /* Pods-Vremeto.release.xcconfig */;
			buildSettings = {
				ASSETCATALOG_COMPILER_APPICON_NAME = AppIcon;
				CODE_SIGN_ENTITLEMENTS = Vremeto/Vremeto.entitlements;
				CODE_SIGN_IDENTITY = "Mac Developer";
				CODE_SIGN_STYLE = Automatic;
				COMBINE_HIDPI_IMAGES = YES;
				DEVELOPMENT_TEAM = 2CA3L22BJ9;
				INFOPLIST_FILE = Vremeto/Info.plist;
				LD_RUNPATH_SEARCH_PATHS = "$(inherited) @executable_path/../Frameworks";
				PRODUCT_BUNDLE_IDENTIFIER = "com.gmail-vnechev.Vremeto";
				PRODUCT_NAME = "$(TARGET_NAME)";
				PROVISIONING_PROFILE_SPECIFIER = "";
				SWIFT_VERSION = 4.0;
			};
			name = Release;
		};
/* End XCBuildConfiguration section */

/* Begin XCConfigurationList section */
		317BBB8D1F838D2400A4CD89 /* Build configuration list for PBXProject "Vremeto" */ = {
			isa = XCConfigurationList;
			buildConfigurations = (
				317BBBA01F838D2400A4CD89 /* Debug */,
				317BBBA11F838D2400A4CD89 /* Release */,
			);
			defaultConfigurationIsVisible = 0;
			defaultConfigurationName = Release;
		};
		317BBBA21F838D2400A4CD89 /* Build configuration list for PBXNativeTarget "Vremeto" */ = {
			isa = XCConfigurationList;
			buildConfigurations = (
				317BBBA31F838D2400A4CD89 /* Debug */,
				317BBBA41F838D2400A4CD89 /* Release */,
			);
			defaultConfigurationIsVisible = 0;
			defaultConfigurationName = Release;
		};
/* End XCConfigurationList section */
	};
	rootObject = 317BBB8A1F838D2400A4CD89 /* Project object */;
}
